
Microsoft Visual Studio Solution File, Format Version 12.00
# Visual Studio Version 16
VisualStudioVersion = 16.0.29806.167
MinimumVisualStudioVersion = 10.0.40219.1
Project("{FAE04EC0-301F-11D3-BF4B-00C04F79EFBC}") = "UserLogin", "UserLogin\UserLogin.csproj", "{6EFC99E1-359B-47EC-A04A-E2843AE627E6}"
EndProject
Project("{2150E333-8FDC-42A3-9474-1A3956D46DE8}") = "Solution Items", "Solution Items", "{5121A0F9-5F14-4977-B602-E2851719ECD6}"
	ProjectSection(SolutionItems) = preProject
		.editorconfig = .editorconfig
	EndProjectSection
EndProject
Project("{FAE04EC0-301F-11D3-BF4B-00C04F79EFBC}") = "StudentInfoSystem", "StudentInfoSystem\StudentInfoSystem.csproj", "{3AA31B1C-BF44-4BE6-919E-5FD884DE881A}"
EndProject
Project("{FAE04EC0-301F-11D3-BF4B-00C04F79EFBC}") = "WPFHello", "WPFHello\WPFHello.csproj", "{E8B7ABD8-DAC9-42DF-BF73-7D2D12C510F7}"
EndProject
Project("{FAE04EC0-301F-11D3-BF4B-00C04F79EFBC}") = "ExpenseIt", "Expenselt\ExpenseIt.csproj", "{DB54F89F-4807-4845-8D62-3412234D96D2}"
EndProject
Project("{FAE04EC0-301F-11D3-BF4B-00C04F79EFBC}") = "MinimalMVVM", "MinimalMVVM\MinimalMVVM.csproj", "{A71E07A6-F620-46E1-8C30-D6AE9552136A}"
EndProject
Project("{9A19103F-16F7-4668-BE54-9A1E7A4F7556}") = "EasyMVVM", "EasyMVVM\EasyMVVM.csproj", "{5ED52CAB-6A6E-4752-87B0-8F993D2F6394}"
EndProject
Project("{FAE04EC0-301F-11D3-BF4B-00C04F79EFBC}") = "WpfExample", "WpfExample\WpfExample.csproj", "{A3F98D34-E886-4A28-8ABC-4B6A4DBB7217}"
EndProject
Global
	GlobalSection(SolutionConfigurationPlatforms) = preSolution
		Debug|Any CPU = Debug|Any CPU
		Release|Any CPU = Release|Any CPU
	EndGlobalSection
	GlobalSection(ProjectConfigurationPlatforms) = postSolution
		{6EFC99E1-359B-47EC-A04A-E2843AE627E6}.Debug|Any CPU.ActiveCfg = Debug|Any CPU
		{6EFC99E1-359B-47EC-A04A-E2843AE627E6}.Debug|Any CPU.Build.0 = Debug|Any CPU
		{6EFC99E1-359B-47EC-A04A-E2843AE627E6}.Release|Any CPU.ActiveCfg = Release|Any CPU
		{6EFC99E1-359B-47EC-A04A-E2843AE627E6}.Release|Any CPU.Build.0 = Release|Any CPU
		{3AA31B1C-BF44-4BE6-919E-5FD884DE881A}.Debug|Any CPU.ActiveCfg = Debug|Any CPU
		{3AA31B1C-BF44-4BE6-919E-5FD884DE881A}.Debug|Any CPU.Build.0 = Debug|Any CPU
		{3AA31B1C-BF44-4BE6-919E-5FD884DE881A}.Release|Any CPU.ActiveCfg = Release|Any CPU
		{3AA31B1C-BF44-4BE6-919E-5FD884DE881A}.Release|Any CPU.Build.0 = Release|Any CPU
		{E8B7ABD8-DAC9-42DF-BF73-7D2D12C510F7}.Debug|Any CPU.ActiveCfg = Debug|Any CPU
		{E8B7ABD8-DAC9-42DF-BF73-7D2D12C510F7}.Debug|Any CPU.Build.0 = Debug|Any CPU
		{E8B7ABD8-DAC9-42DF-BF73-7D2D12C510F7}.Release|Any CPU.ActiveCfg = Release|Any CPU
		{E8B7ABD8-DAC9-42DF-BF73-7D2D12C510F7}.Release|Any CPU.Build.0 = Release|Any CPU
		{DB54F89F-4807-4845-8D62-3412234D96D2}.Debug|Any CPU.ActiveCfg = Debug|Any CPU
		{DB54F89F-4807-4845-8D62-3412234D96D2}.Debug|Any CPU.Build.0 = Debug|Any CPU
		{DB54F89F-4807-4845-8D62-3412234D96D2}.Release|Any CPU.ActiveCfg = Release|Any CPU
		{DB54F89F-4807-4845-8D62-3412234D96D2}.Release|Any CPU.Build.0 = Release|Any CPU
		{A71E07A6-F620-46E1-8C30-D6AE9552136A}.Debug|Any CPU.ActiveCfg = Debug|Any CPU
		{A71E07A6-F620-46E1-8C30-D6AE9552136A}.Debug|Any CPU.Build.0 = Debug|Any CPU
		{A71E07A6-F620-46E1-8C30-D6AE9552136A}.Release|Any CPU.ActiveCfg = Release|Any CPU
		{A71E07A6-F620-46E1-8C30-D6AE9552136A}.Release|Any CPU.Build.0 = Release|Any CPU
		{5ED52CAB-6A6E-4752-87B0-8F993D2F6394}.Debug|Any CPU.ActiveCfg = Debug|Any CPU
		{5ED52CAB-6A6E-4752-87B0-8F993D2F6394}.Debug|Any CPU.Build.0 = Debug|Any CPU
		{5ED52CAB-6A6E-4752-87B0-8F993D2F6394}.Release|Any CPU.ActiveCfg = Release|Any CPU
		{5ED52CAB-6A6E-4752-87B0-8F993D2F6394}.Release|Any CPU.Build.0 = Release|Any CPU
		{A3F98D34-E886-4A28-8ABC-4B6A4DBB7217}.Debug|Any CPU.ActiveCfg = Debug|Any CPU
		{A3F98D34-E886-4A28-8ABC-4B6A4DBB7217}.Debug|Any CPU.Build.0 = Debug|Any CPU
		{A3F98D34-E886-4A28-8ABC-4B6A4DBB7217}.Release|Any CPU.ActiveCfg = Release|Any CPU
		{A3F98D34-E886-4A28-8ABC-4B6A4DBB7217}.Release|Any CPU.Build.0 = Release|Any CPU
	EndGlobalSection
	GlobalSection(SolutionProperties) = preSolution
		HideSolutionNode = FALSE
	EndGlobalSection
	GlobalSection(ExtensibilityGlobals) = postSolution
		SolutionGuid = {78B0CFBC-8A07-48AD-BFD4-15899B3670C0}
	EndGlobalSection
EndGlobal
